
Microsoft Visual Studio Solution File, Format Version 12.00
# Visual Studio Version 17
VisualStudioVersion = 17.5.002.0
MinimumVisualStudioVersion = 10.0.40219.1
Project("{9A19103F-16F7-4668-BE54-9A1E7A4F7556}") = "Pokedex", "Pokedex\Pokedex.csproj", "{EB2A9248-8F33-480B-A95F-C2A8FCFBCCB1}"
EndProject
Global
	GlobalSection(SolutionConfigurationPlatforms) = preSolution
		Debug|Any CPU = Debug|Any CPU
		Release|Any CPU = Release|Any CPU
	EndGlobalSection
	GlobalSection(ProjectConfigurationPlatforms) = postSolution
		{EB2A9248-8F33-480B-A95F-C2A8FCFBCCB1}.Debug|Any CPU.ActiveCfg = Debug|Any CPU
		{EB2A9248-8F33-480B-A95F-C2A8FCFBCCB1}.Debug|Any CPU.Build.0 = Debug|Any CPU
		{EB2A9248-8F33-480B-A95F-C2A8FCFBCCB1}.Release|Any CPU.ActiveCfg = Release|Any CPU
		{EB2A9248-8F33-480B-A95F-C2A8FCFBCCB1}.Release|Any CPU.Build.0 = Release|Any CPU
	EndGlobalSection
	GlobalSection(SolutionProperties) = preSolution
		HideSolutionNode = FALSE
	EndGlobalSection
	GlobalSection(ExtensibilityGlobals) = postSolution
		SolutionGuid = {BB1D3088-3517-452E-8E2B-196C0650FBD3}
	EndGlobalSection
EndGlobal
